
Microsoft Visual Studio Solution File, Format Version 12.00
# Visual Studio Version 17
VisualStudioVersion = 17.14.36518.9
MinimumVisualStudioVersion = 10.0.40219.1
Project("{2150E333-8FDC-42A3-9474-1A3956D46DE8}") = "Task0", "Task0", "{36D591C7-65C7-A0D1-1CBC-10CDE441BDC8}"
EndProject
Project("{FAE04EC0-301F-11D3-BF4B-00C04F79EFBC}") = "Tyuiu.AjtkuzhinovEE.Sprint4.Task0.V19", "Tyuiu.AjtkuzhinovEE.Sprint4.Task0.V19\Tyuiu.AjtkuzhinovEE.Sprint4.Task0.V19.csproj", "{4009A420-1E5E-4A10-BEDF-563F470FFFA0}"
EndProject
Project("{FAE04EC0-301F-11D3-BF4B-00C04F79EFBC}") = "Tyuiu.AjtkuzhinovEE.Sprint4.Task0.V19.Lib", "Tyuiu.AjtkuzhinovEE.Sprint4.Task0.V19.Lib\Tyuiu.AjtkuzhinovEE.Sprint4.Task0.V19.Lib.csproj", "{F2175849-9237-49F6-A6E6-5C4A9F9752CD}"
EndProject
Project("{FAE04EC0-301F-11D3-BF4B-00C04F79EFBC}") = "Tyuiu.AjtkuzhinovEE.Sprint4.Task0.V19.Test", "Tyuiu.AjtkuzhinovEE.Sprint4.Task0.V19.Test\Tyuiu.AjtkuzhinovEE.Sprint4.Task0.V19.Test.csproj", "{754D663C-BC78-4145-ABAF-A0C509FF9C3C}"
EndProject
Project("{2150E333-8FDC-42A3-9474-1A3956D46DE8}") = "Task1", "Task1", "{E5C70644-7AAA-4AA6-BE0A-F1DD4C9EE0B1}"
EndProject
Project("{FAE04EC0-301F-11D3-BF4B-00C04F79EFBC}") = "Tyuiu.AjtkuzhinovEE.Sprint4.Task1.V12", "Tyuiu.AjtkuzhinovEE.Sprint4.Task1.V12\Tyuiu.AjtkuzhinovEE.Sprint4.Task1.V12.csproj", "{E555F087-8D8C-421A-9DBA-537F9B86CA40}"
EndProject
Project("{FAE04EC0-301F-11D3-BF4B-00C04F79EFBC}") = "Tyuiu.AjtkuzhinovEE.Sprint4.Task1.V12.Lib", "Tyuiu.AjtkuzhinovEE.Sprint4.Task1.V12.Lib\Tyuiu.AjtkuzhinovEE.Sprint4.Task1.V12.Lib.csproj", "{7DF3D456-F7F1-43E7-A526-020964E68991}"
EndProject
Project("{FAE04EC0-301F-11D3-BF4B-00C04F79EFBC}") = "Tyuiu.AjtkuzhinovEE.Sprint4.Task1.V12.Test", "Tyuiu.AjtkuzhinovEE.Sprint4.Task1.V12.Test\Tyuiu.AjtkuzhinovEE.Sprint4.Task1.V12.Test.csproj", "{E55447F2-B68E-4456-8689-D2CC1F83B37D}"
EndProject
Project("{2150E333-8FDC-42A3-9474-1A3956D46DE8}") = "Task2", "Task2", "{DCD45644-AE7F-49DE-8A06-91CB195EECE8}"
EndProject
Project("{FAE04EC0-301F-11D3-BF4B-00C04F79EFBC}") = "Tyuiu.AjtkuzhinovEE.Sprint4.Task2.V5", "Tyuiu.AjtkuzhinovEE.Sprint4.Task2.V5\Tyuiu.AjtkuzhinovEE.Sprint4.Task2.V5.csproj", "{D4F436D5-9034-4F60-8BE0-11E596D48ED2}"
EndProject
Project("{FAE04EC0-301F-11D3-BF4B-00C04F79EFBC}") = "Tyuiu.AjtkuzhinovEE.Sprint4.Task2.V5.Lib", "Tyuiu.AjtkuzhinovEE.Sprint4.Task2.V5.Lib\Tyuiu.AjtkuzhinovEE.Sprint4.Task2.V5.Lib.csproj", "{483830EC-0016-45CA-8AE1-B3E3340BC7DE}"
EndProject
Project("{FAE04EC0-301F-11D3-BF4B-00C04F79EFBC}") = "Tyuiu.AjtkuzhinovEE.Sprint4.Task2.V5.Test", "Tyuiu.AjtkuzhinovEE.Sprint4.Task2.V5.Test\Tyuiu.AjtkuzhinovEE.Sprint4.Task2.V5.Test.csproj", "{A88DB1BA-C02D-4BB7-8947-58A7F8A9D105}"
EndProject
Project("{2150E333-8FDC-42A3-9474-1A3956D46DE8}") = "Task3", "Task3", "{6B3E9D65-8C3D-4C31-844B-F879D70BE94C}"
EndProject
Project("{FAE04EC0-301F-11D3-BF4B-00C04F79EFBC}") = "Tyuiu.AjtkuzhinovEE.Sprint4.Task3.V5", "Tyuiu.AjtkuzhinovEE.Sprint4.Task3.V5\Tyuiu.AjtkuzhinovEE.Sprint4.Task3.V5.csproj", "{3350EDBB-45E4-49B2-80E9-11977D8775B6}"
EndProject
Project("{FAE04EC0-301F-11D3-BF4B-00C04F79EFBC}") = "Tyuiu.AjtkuzhinovEE.Sprint4.Task3.V5.Lib", "Tyuiu.AjtkuzhinovEE.Sprint4.Task3.V5.Lib\Tyuiu.AjtkuzhinovEE.Sprint4.Task3.V5.Lib.csproj", "{D4F329E0-28C4-4DBB-B034-451AC0451843}"
EndProject
Project("{FAE04EC0-301F-11D3-BF4B-00C04F79EFBC}") = "Tyuiu.AjtkuzhinovEE.Sprint4.Task3.V5.Test", "Tyuiu.AjtkuzhinovEE.Sprint4.Task3.V5.Test\Tyuiu.AjtkuzhinovEE.Sprint4.Task3.V5.Test.csproj", "{0F7E9D4B-167F-4FBF-9ED9-A10B24D73723}"
EndProject
Project("{2150E333-8FDC-42A3-9474-1A3956D46DE8}") = "Task4", "Task4", "{788C7004-1E3E-4079-97BC-AAEE9684C395}"
EndProject
Project("{FAE04EC0-301F-11D3-BF4B-00C04F79EFBC}") = "Tyuiu.AjtkuzhinovEE.Sprint4.Task4.V28", "Tyuiu.AjtkuzhinovEE.Sprint4.Task4.V28\Tyuiu.AjtkuzhinovEE.Sprint4.Task4.V28.csproj", "{290D9A97-2ACD-4421-B9A6-DF7339714E14}"
EndProject
Project("{FAE04EC0-301F-11D3-BF4B-00C04F79EFBC}") = "Tyuiu.AjtkuzhinovEE.Sprint4.Task4.V28.Lib", "Tyuiu.AjtkuzhinovEE.Sprint4.Task4.V28.Lib\Tyuiu.AjtkuzhinovEE.Sprint4.Task4.V28.Lib.csproj", "{6F480050-60F8-4A33-8434-84DAD95C3212}"
EndProject
Project("{FAE04EC0-301F-11D3-BF4B-00C04F79EFBC}") = "Tyuiu.AjtkuzhinovEE.Sprint4.Task4.V28.Test", "Tyuiu.AjtkuzhinovEE.Sprint4.Task4.V28.Test\Tyuiu.AjtkuzhinovEE.Sprint4.Task4.V28.Test.csproj", "{00F4ACC3-00B2-4E7F-90C1-8E79A72C2207}"
EndProject
Project("{2150E333-8FDC-42A3-9474-1A3956D46DE8}") = "Task5", "Task5", "{1F012654-0DF9-4D46-9A07-006DC8CCA6FE}"
EndProject
Project("{FAE04EC0-301F-11D3-BF4B-00C04F79EFBC}") = "Tyuiu.AjtkuzhinovEE.Sprint4.Task5.V9", "Tyuiu.AjtkuzhinovEE.Sprint4.Task5.V9\Tyuiu.AjtkuzhinovEE.Sprint4.Task5.V9.csproj", "{49521B62-9419-4ED5-A1C8-7A067F9C53CE}"
EndProject
Project("{FAE04EC0-301F-11D3-BF4B-00C04F79EFBC}") = "Tyuiu.AjtkuzhinovEE.Sprint4.Task5.V9.Lib", "Tyuiu.AjtkuzhinovEE.Sprint4.Task5.V9.Lib\Tyuiu.AjtkuzhinovEE.Sprint4.Task5.V9.Lib.csproj", "{FC140704-B3B3-46F5-8706-B07EC6960D53}"
EndProject
Project("{FAE04EC0-301F-11D3-BF4B-00C04F79EFBC}") = "Tyuiu.AjtkuzhinovEE.Sprint4.Task5.V9.Test", "Tyuiu.AjtkuzhinovEE.Sprint4.Task5.V9.Test\Tyuiu.AjtkuzhinovEE.Sprint4.Task5.V9.Test.csproj", "{7AFC8980-09EC-419B-AE43-32DAB867739D}"
EndProject
Global
	GlobalSection(SolutionConfigurationPlatforms) = preSolution
		Debug|Any CPU = Debug|Any CPU
		Release|Any CPU = Release|Any CPU
	EndGlobalSection
	GlobalSection(ProjectConfigurationPlatforms) = postSolution
		{4009A420-1E5E-4A10-BEDF-563F470FFFA0}.Debug|Any CPU.ActiveCfg = Debug|Any CPU
		{4009A420-1E5E-4A10-BEDF-563F470FFFA0}.Debug|Any CPU.Build.0 = Debug|Any CPU
		{4009A420-1E5E-4A10-BEDF-563F470FFFA0}.Release|Any CPU.ActiveCfg = Release|Any CPU
		{4009A420-1E5E-4A10-BEDF-563F470FFFA0}.Release|Any CPU.Build.0 = Release|Any CPU
		{F2175849-9237-49F6-A6E6-5C4A9F9752CD}.Debug|Any CPU.ActiveCfg = Debug|Any CPU
		{F2175849-9237-49F6-A6E6-5C4A9F9752CD}.Debug|Any CPU.Build.0 = Debug|Any CPU
		{F2175849-9237-49F6-A6E6-5C4A9F9752CD}.Release|Any CPU.ActiveCfg = Release|Any CPU
		{F2175849-9237-49F6-A6E6-5C4A9F9752CD}.Release|Any CPU.Build.0 = Release|Any CPU
		{754D663C-BC78-4145-ABAF-A0C509FF9C3C}.Debug|Any CPU.ActiveCfg = Debug|Any CPU
		{754D663C-BC78-4145-ABAF-A0C509FF9C3C}.Debug|Any CPU.Build.0 = Debug|Any CPU
		{754D663C-BC78-4145-ABAF-A0C509FF9C3C}.Release|Any CPU.ActiveCfg = Release|Any CPU
		{754D663C-BC78-4145-ABAF-A0C509FF9C3C}.Release|Any CPU.Build.0 = Release|Any CPU
		{E555F087-8D8C-421A-9DBA-537F9B86CA40}.Debug|Any CPU.ActiveCfg = Debug|Any CPU
		{E555F087-8D8C-421A-9DBA-537F9B86CA40}.Debug|Any CPU.Build.0 = Debug|Any CPU
		{E555F087-8D8C-421A-9DBA-537F9B86CA40}.Release|Any CPU.ActiveCfg = Release|Any CPU
		{E555F087-8D8C-421A-9DBA-537F9B86CA40}.Release|Any CPU.Build.0 = Release|Any CPU
		{7DF3D456-F7F1-43E7-A526-020964E68991}.Debug|Any CPU.ActiveCfg = Debug|Any CPU
		{7DF3D456-F7F1-43E7-A526-020964E68991}.Debug|Any CPU.Build.0 = Debug|Any CPU
		{7DF3D456-F7F1-43E7-A526-020964E68991}.Release|Any CPU.ActiveCfg = Release|Any CPU
		{7DF3D456-F7F1-43E7-A526-020964E68991}.Release|Any CPU.Build.0 = Release|Any CPU
		{E55447F2-B68E-4456-8689-D2CC1F83B37D}.Debug|Any CPU.ActiveCfg = Debug|Any CPU
		{E55447F2-B68E-4456-8689-D2CC1F83B37D}.Debug|Any CPU.Build.0 = Debug|Any CPU
		{E55447F2-B68E-4456-8689-D2CC1F83B37D}.Release|Any CPU.ActiveCfg = Release|Any CPU
		{E55447F2-B68E-4456-8689-D2CC1F83B37D}.Release|Any CPU.Build.0 = Release|Any CPU
		{D4F436D5-9034-4F60-8BE0-11E596D48ED2}.Debug|Any CPU.ActiveCfg = Debug|Any CPU
		{D4F436D5-9034-4F60-8BE0-11E596D48ED2}.Debug|Any CPU.Build.0 = Debug|Any CPU
		{D4F436D5-9034-4F60-8BE0-11E596D48ED2}.Release|Any CPU.ActiveCfg = Release|Any CPU
		{D4F436D5-9034-4F60-8BE0-11E596D48ED2}.Release|Any CPU.Build.0 = Release|Any CPU
		{483830EC-0016-45CA-8AE1-B3E3340BC7DE}.Debug|Any CPU.ActiveCfg = Debug|Any CPU
		{483830EC-0016-45CA-8AE1-B3E3340BC7DE}.Debug|Any CPU.Build.0 = Debug|Any CPU
		{483830EC-0016-45CA-8AE1-B3E3340BC7DE}.Release|Any CPU.ActiveCfg = Release|Any CPU
		{483830EC-0016-45CA-8AE1-B3E3340BC7DE}.Release|Any CPU.Build.0 = Release|Any CPU
		{A88DB1BA-C02D-4BB7-8947-58A7F8A9D105}.Debug|Any CPU.ActiveCfg = Debug|Any CPU
		{A88DB1BA-C02D-4BB7-8947-58A7F8A9D105}.Debug|Any CPU.Build.0 = Debug|Any CPU
		{A88DB1BA-C02D-4BB7-8947-58A7F8A9D105}.Release|Any CPU.ActiveCfg = Release|Any CPU
		{A88DB1BA-C02D-4BB7-8947-58A7F8A9D105}.Release|Any CPU.Build.0 = Release|Any CPU
		{3350EDBB-45E4-49B2-80E9-11977D8775B6}.Debug|Any CPU.ActiveCfg = Debug|Any CPU
		{3350EDBB-45E4-49B2-80E9-11977D8775B6}.Debug|Any CPU.Build.0 = Debug|Any CPU
		{3350EDBB-45E4-49B2-80E9-11977D8775B6}.Release|Any CPU.ActiveCfg = Release|Any CPU
		{3350EDBB-45E4-49B2-80E9-11977D8775B6}.Release|Any CPU.Build.0 = Release|Any CPU
		{D4F329E0-28C4-4DBB-B034-451AC0451843}.Debug|Any CPU.ActiveCfg = Debug|Any CPU
		{D4F329E0-28C4-4DBB-B034-451AC0451843}.Debug|Any CPU.Build.0 = Debug|Any CPU
		{D4F329E0-28C4-4DBB-B034-451AC0451843}.Release|Any CPU.ActiveCfg = Release|Any CPU
		{D4F329E0-28C4-4DBB-B034-451AC0451843}.Release|Any CPU.Build.0 = Release|Any CPU
		{0F7E9D4B-167F-4FBF-9ED9-A10B24D73723}.Debug|Any CPU.ActiveCfg = Debug|Any CPU
		{0F7E9D4B-167F-4FBF-9ED9-A10B24D73723}.Debug|Any CPU.Build.0 = Debug|Any CPU
		{0F7E9D4B-167F-4FBF-9ED9-A10B24D73723}.Release|Any CPU.ActiveCfg = Release|Any CPU
		{0F7E9D4B-167F-4FBF-9ED9-A10B24D73723}.Release|Any CPU.Build.0 = Release|Any CPU
		{290D9A97-2ACD-4421-B9A6-DF7339714E14}.Debug|Any CPU.ActiveCfg = Debug|Any CPU
		{290D9A97-2ACD-4421-B9A6-DF7339714E14}.Debug|Any CPU.Build.0 = Debug|Any CPU
		{290D9A97-2ACD-4421-B9A6-DF7339714E14}.Release|Any CPU.ActiveCfg = Release|Any CPU
		{290D9A97-2ACD-4421-B9A6-DF7339714E14}.Release|Any CPU.Build.0 = Release|Any CPU
		{6F480050-60F8-4A33-8434-84DAD95C3212}.Debug|Any CPU.ActiveCfg = Debug|Any CPU
		{6F480050-60F8-4A33-8434-84DAD95C3212}.Debug|Any CPU.Build.0 = Debug|Any CPU
		{6F480050-60F8-4A33-8434-84DAD95C3212}.Release|Any CPU.ActiveCfg = Release|Any CPU
		{6F480050-60F8-4A33-8434-84DAD95C3212}.Release|Any CPU.Build.0 = Release|Any CPU
		{00F4ACC3-00B2-4E7F-90C1-8E79A72C2207}.Debug|Any CPU.ActiveCfg = Debug|Any CPU
		{00F4ACC3-00B2-4E7F-90C1-8E79A72C2207}.Debug|Any CPU.Build.0 = Debug|Any CPU
		{00F4ACC3-00B2-4E7F-90C1-8E79A72C2207}.Release|Any CPU.ActiveCfg = Release|Any CPU
		{00F4ACC3-00B2-4E7F-90C1-8E79A72C2207}.Release|Any CPU.Build.0 = Release|Any CPU
		{49521B62-9419-4ED5-A1C8-7A067F9C53CE}.Debug|Any CPU.ActiveCfg = Debug|Any CPU
		{49521B62-9419-4ED5-A1C8-7A067F9C53CE}.Debug|Any CPU.Build.0 = Debug|Any CPU
		{49521B62-9419-4ED5-A1C8-7A067F9C53CE}.Release|Any CPU.ActiveCfg = Release|Any CPU
		{49521B62-9419-4ED5-A1C8-7A067F9C53CE}.Release|Any CPU.Build.0 = Release|Any CPU
		{FC140704-B3B3-46F5-8706-B07EC6960D53}.Debug|Any CPU.ActiveCfg = Debug|Any CPU
		{FC140704-B3B3-46F5-8706-B07EC6960D53}.Debug|Any CPU.Build.0 = Debug|Any CPU
		{FC140704-B3B3-46F5-8706-B07EC6960D53}.Release|Any CPU.ActiveCfg = Release|Any CPU
		{FC140704-B3B3-46F5-8706-B07EC6960D53}.Release|Any CPU.Build.0 = Release|Any CPU
		{7AFC8980-09EC-419B-AE43-32DAB867739D}.Debug|Any CPU.ActiveCfg = Debug|Any CPU
		{7AFC8980-09EC-419B-AE43-32DAB867739D}.Debug|Any CPU.Build.0 = Debug|Any CPU
		{7AFC8980-09EC-419B-AE43-32DAB867739D}.Release|Any CPU.ActiveCfg = Release|Any CPU
		{7AFC8980-09EC-419B-AE43-32DAB867739D}.Release|Any CPU.Build.0 = Release|Any CPU
	EndGlobalSection
	GlobalSection(SolutionProperties) = preSolution
		HideSolutionNode = FALSE
	EndGlobalSection
	GlobalSection(NestedProjects) = preSolution
		{4009A420-1E5E-4A10-BEDF-563F470FFFA0} = {36D591C7-65C7-A0D1-1CBC-10CDE441BDC8}
		{F2175849-9237-49F6-A6E6-5C4A9F9752CD} = {36D591C7-65C7-A0D1-1CBC-10CDE441BDC8}
		{754D663C-BC78-4145-ABAF-A0C509FF9C3C} = {36D591C7-65C7-A0D1-1CBC-10CDE441BDC8}
		{E555F087-8D8C-421A-9DBA-537F9B86CA40} = {E5C70644-7AAA-4AA6-BE0A-F1DD4C9EE0B1}
		{7DF3D456-F7F1-43E7-A526-020964E68991} = {E5C70644-7AAA-4AA6-BE0A-F1DD4C9EE0B1}
		{E55447F2-B68E-4456-8689-D2CC1F83B37D} = {E5C70644-7AAA-4AA6-BE0A-F1DD4C9EE0B1}
		{D4F436D5-9034-4F60-8BE0-11E596D48ED2} = {DCD45644-AE7F-49DE-8A06-91CB195EECE8}
		{483830EC-0016-45CA-8AE1-B3E3340BC7DE} = {DCD45644-AE7F-49DE-8A06-91CB195EECE8}
		{A88DB1BA-C02D-4BB7-8947-58A7F8A9D105} = {DCD45644-AE7F-49DE-8A06-91CB195EECE8}
		{3350EDBB-45E4-49B2-80E9-11977D8775B6} = {6B3E9D65-8C3D-4C31-844B-F879D70BE94C}
		{D4F329E0-28C4-4DBB-B034-451AC0451843} = {6B3E9D65-8C3D-4C31-844B-F879D70BE94C}
		{0F7E9D4B-167F-4FBF-9ED9-A10B24D73723} = {6B3E9D65-8C3D-4C31-844B-F879D70BE94C}
		{290D9A97-2ACD-4421-B9A6-DF7339714E14} = {788C7004-1E3E-4079-97BC-AAEE9684C395}
		{6F480050-60F8-4A33-8434-84DAD95C3212} = {788C7004-1E3E-4079-97BC-AAEE9684C395}
		{00F4ACC3-00B2-4E7F-90C1-8E79A72C2207} = {788C7004-1E3E-4079-97BC-AAEE9684C395}
		{49521B62-9419-4ED5-A1C8-7A067F9C53CE} = {1F012654-0DF9-4D46-9A07-006DC8CCA6FE}
		{FC140704-B3B3-46F5-8706-B07EC6960D53} = {1F012654-0DF9-4D46-9A07-006DC8CCA6FE}
		{7AFC8980-09EC-419B-AE43-32DAB867739D} = {1F012654-0DF9-4D46-9A07-006DC8CCA6FE}
	EndGlobalSection
	GlobalSection(ExtensibilityGlobals) = postSolution
		SolutionGuid = {60A5F356-BE9C-47E0-AF56-D47E621E1D26}
	EndGlobalSection
EndGlobal
